{
  "name": "ai-init-papillon6814",
  "version": "0.1.0",
  "lockfileVersion": 3,
  "requires": true,
  "packages": {
    "": {
      "name": "ai-init-papillon6814",
      "version": "0.1.0",
      "bin": {
        "ai-init": "bin/ai-init.js",
        "ai-init-papillon6814": "bin/ai-init.js"
      },
      "engines": {
        "node": ">=18"
      }
    }
  }
}
